// !$*UTF8*$!
{
	archiveVersion = 1;
	classes = {
	};
	objectVersion = 50;
	objects = {

/* Begin PBXBuildFile section */
		54B78F3E21933D5000392C4C /* Home.storyboard in Resources */ = {isa = PBXBuildFile; fileRef = 54B78F3D21933D5000392C4C /* Home.storyboard */; };
		54B78F4021933D5900392C4C /* Live.storyboard in Resources */ = {isa = PBXBuildFile; fileRef = 54B78F3F21933D5900392C4C /* Live.storyboard */; };
		54B78F4221933D6200392C4C /* Profile.storyboard in Resources */ = {isa = PBXBuildFile; fileRef = 54B78F4121933D6200392C4C /* Profile.storyboard */; };
		54B78F4421933D6E00392C4C /* Follow.storyboard in Resources */ = {isa = PBXBuildFile; fileRef = 54B78F4321933D6E00392C4C /* Follow.storyboard */; };
		54B78F47219462C800392C4C /* WS_CollectionNormalCell.swift in Sources */ = {isa = PBXBuildFile; fileRef = 54B78F45219462C800392C4C /* WS_CollectionNormalCell.swift */; };
		54B78F48219462C800392C4C /* WS_CollectionNormalCell.xib in Resources */ = {isa = PBXBuildFile; fileRef = 54B78F46219462C800392C4C /* WS_CollectionNormalCell.xib */; };
		54B78F4B219467D800392C4C /* WS_CollectionPrettyCell.swift in Sources */ = {isa = PBXBuildFile; fileRef = 54B78F49219467D800392C4C /* WS_CollectionPrettyCell.swift */; };
		54B78F4C219467D800392C4C /* WS_CollectionPrettyCell.xib in Resources */ = {isa = PBXBuildFile; fileRef = 54B78F4A219467D800392C4C /* WS_CollectionPrettyCell.xib */; };
		54D2602F219334BC00454448 /* Main.storyboard in Resources */ = {isa = PBXBuildFile; fileRef = 54D2602E219334BC00454448 /* Main.storyboard */; };
		CB73A8FC2194038F0043311F /* WS_PageContentView.swift in Sources */ = {isa = PBXBuildFile; fileRef = CB73A8FB2194038F0043311F /* WS_PageContentView.swift */; };
		CB73A8FE219406190043311F /* WS_UIColor-Extension.swift in Sources */ = {isa = PBXBuildFile; fileRef = CB73A8FD219406190043311F /* WS_UIColor-Extension.swift */; };
		CB73A9002194113E0043311F /* WS_UIView_Extension.swift in Sources */ = {isa = PBXBuildFile; fileRef = CB73A8FF2194113E0043311F /* WS_UIView_Extension.swift */; };
		CB73A902219426530043311F /* WS_RecommendViewController.swift in Sources */ = {isa = PBXBuildFile; fileRef = CB73A901219426530043311F /* WS_RecommendViewController.swift */; };
		CB73A905219446480043311F /* WS_CollectionHeaderView.swift in Sources */ = {isa = PBXBuildFile; fileRef = CB73A903219446480043311F /* WS_CollectionHeaderView.swift */; };
		CB73A906219446480043311F /* WS_CollectionHeaderView.xib in Resources */ = {isa = PBXBuildFile; fileRef = CB73A904219446480043311F /* WS_CollectionHeaderView.xib */; };
		CBE85F5B2193C71F00DCFA6F /* WS_MainViewController.swift in Sources */ = {isa = PBXBuildFile; fileRef = CBE85F5A2193C71F00DCFA6F /* WS_MainViewController.swift */; };
		CBE85F5D2193C78700DCFA6F /* WS_HomeViewController.swift in Sources */ = {isa = PBXBuildFile; fileRef = CBE85F5C2193C78700DCFA6F /* WS_HomeViewController.swift */; };
		CBE85F632193CDA000DCFA6F /* WS_UIBarButtonItem-Extension.swift in Sources */ = {isa = PBXBuildFile; fileRef = CBE85F622193CDA000DCFA6F /* WS_UIBarButtonItem-Extension.swift */; };
		CBE85F652193D2A900DCFA6F /* WS_PageTitleView.swift in Sources */ = {isa = PBXBuildFile; fileRef = CBE85F642193D2A900DCFA6F /* WS_PageTitleView.swift */; };
		CBE85F672193D55300DCFA6F /* WS_Common.swift in Sources */ = {isa = PBXBuildFile; fileRef = CBE85F662193D55300DCFA6F /* WS_Common.swift */; };
		CBED261C2192F272006139A2 /* AppDelegate.swift in Sources */ = {isa = PBXBuildFile; fileRef = CBED261B2192F272006139A2 /* AppDelegate.swift */; };
		CBED261E2192F272006139A2 /* ViewController.swift in Sources */ = {isa = PBXBuildFile; fileRef = CBED261D2192F272006139A2 /* ViewController.swift */; };
		CBED26232192F273006139A2 /* Assets.xcassets in Resources */ = {isa = PBXBuildFile; fileRef = CBED26222192F273006139A2 /* Assets.xcassets */; };
		CBED26262192F273006139A2 /* LaunchScreen.storyboard in Resources */ = {isa = PBXBuildFile; fileRef = CBED26242192F273006139A2 /* LaunchScreen.storyboard */; };
/* End PBXBuildFile section */

/* Begin PBXFileReference section */
		54B78F3D21933D5000392C4C /* Home.storyboard */ = {isa = PBXFileReference; fileEncoding = 4; lastKnownFileType = file.storyboard; path = Home.storyboard; sourceTree = "<group>"; };
		54B78F3F21933D5900392C4C /* Live.storyboard */ = {isa = PBXFileReference; fileEncoding = 4; lastKnownFileType = file.storyboard; path = Live.storyboard; sourceTree = "<group>"; };
		54B78F4121933D6200392C4C /* Profile.storyboard */ = {isa = PBXFileReference; fileEncoding = 4; lastKnownFileType = file.storyboard; path = Profile.storyboard; sourceTree = "<group>"; };
		54B78F4321933D6E00392C4C /* Follow.storyboard */ = {isa = PBXFileReference; fileEncoding = 4; lastKnownFileType = file.storyboard; path = Follow.storyboard; sourceTree = "<group>"; };
		54B78F45219462C800392C4C /* WS_CollectionNormalCell.swift */ = {isa = PBXFileReference; lastKnownFileType = sourcecode.swift; path = WS_CollectionNormalCell.swift; sourceTree = "<group>"; };
		54B78F46219462C800392C4C /* WS_CollectionNormalCell.xib */ = {isa = PBXFileReference; lastKnownFileType = file.xib; path = WS_CollectionNormalCell.xib; sourceTree = "<group>"; };
		54B78F49219467D800392C4C /* WS_CollectionPrettyCell.swift */ = {isa = PBXFileReference; lastKnownFileType = sourcecode.swift; path = WS_CollectionPrettyCell.swift; sourceTree = "<group>"; };
		54B78F4A219467D800392C4C /* WS_CollectionPrettyCell.xib */ = {isa = PBXFileReference; lastKnownFileType = file.xib; path = WS_CollectionPrettyCell.xib; sourceTree = "<group>"; };
		54D2602E219334BC00454448 /* Main.storyboard */ = {isa = PBXFileReference; fileEncoding = 4; lastKnownFileType = file.storyboard; path = Main.storyboard; sourceTree = "<group>"; };
		CB73A8FB2194038F0043311F /* WS_PageContentView.swift */ = {isa = PBXFileReference; lastKnownFileType = sourcecode.swift; path = WS_PageContentView.swift; sourceTree = "<group>"; };
		CB73A8FD219406190043311F /* WS_UIColor-Extension.swift */ = {isa = PBXFileReference; lastKnownFileType = sourcecode.swift; path = "WS_UIColor-Extension.swift"; sourceTree = "<group>"; };
		CB73A8FF2194113E0043311F /* WS_UIView_Extension.swift */ = {isa = PBXFileReference; lastKnownFileType = sourcecode.swift; path = WS_UIView_Extension.swift; sourceTree = "<group>"; };
		CB73A901219426530043311F /* WS_RecommendViewController.swift */ = {isa = PBXFileReference; lastKnownFileType = sourcecode.swift; path = WS_RecommendViewController.swift; sourceTree = "<group>"; };
		CB73A903219446480043311F /* WS_CollectionHeaderView.swift */ = {isa = PBXFileReference; lastKnownFileType = sourcecode.swift; path = WS_CollectionHeaderView.swift; sourceTree = "<group>"; };
		CB73A904219446480043311F /* WS_CollectionHeaderView.xib */ = {isa = PBXFileReference; lastKnownFileType = file.xib; path = WS_CollectionHeaderView.xib; sourceTree = "<group>"; };
		CBE85F5A2193C71F00DCFA6F /* WS_MainViewController.swift */ = {isa = PBXFileReference; fileEncoding = 4; lastKnownFileType = sourcecode.swift; path = WS_MainViewController.swift; sourceTree = "<group>"; };
		CBE85F5C2193C78700DCFA6F /* WS_HomeViewController.swift */ = {isa = PBXFileReference; lastKnownFileType = sourcecode.swift; path = WS_HomeViewController.swift; sourceTree = "<group>"; };
		CBE85F622193CDA000DCFA6F /* WS_UIBarButtonItem-Extension.swift */ = {isa = PBXFileReference; lastKnownFileType = sourcecode.swift; path = "WS_UIBarButtonItem-Extension.swift"; sourceTree = "<group>"; };
		CBE85F642193D2A900DCFA6F /* WS_PageTitleView.swift */ = {isa = PBXFileReference; lastKnownFileType = sourcecode.swift; path = WS_PageTitleView.swift; sourceTree = "<group>"; };
		CBE85F662193D55300DCFA6F /* WS_Common.swift */ = {isa = PBXFileReference; lastKnownFileType = sourcecode.swift; path = WS_Common.swift; sourceTree = "<group>"; };
		CBED26182192F272006139A2 /* WSDY.app */ = {isa = PBXFileReference; explicitFileType = wrapper.application; includeInIndex = 0; path = WSDY.app; sourceTree = BUILT_PRODUCTS_DIR; };
		CBED261B2192F272006139A2 /* AppDelegate.swift */ = {isa = PBXFileReference; lastKnownFileType = sourcecode.swift; path = AppDelegate.swift; sourceTree = "<group>"; };
		CBED261D2192F272006139A2 /* ViewController.swift */ = {isa = PBXFileReference; lastKnownFileType = sourcecode.swift; path = ViewController.swift; sourceTree = "<group>"; };
		CBED26222192F273006139A2 /* Assets.xcassets */ = {isa = PBXFileReference; lastKnownFileType = folder.assetcatalog; path = Assets.xcassets; sourceTree = "<group>"; };
		CBED26252192F273006139A2 /* Base */ = {isa = PBXFileReference; lastKnownFileType = file.storyboard; name = Base; path = Base.lproj/LaunchScreen.storyboard; sourceTree = "<group>"; };
		CBED26272192F273006139A2 /* Info.plist */ = {isa = PBXFileReference; lastKnownFileType = text.plist.xml; path = Info.plist; sourceTree = "<group>"; };
/* End PBXFileReference section */

/* Begin PBXFrameworksBuildPhase section */
		CBED26152192F272006139A2 /* Frameworks */ = {
			isa = PBXFrameworksBuildPhase;
			buildActionMask = 2147483647;
			files = (
			);
			runOnlyForDeploymentPostprocessing = 0;
		};
/* End PBXFrameworksBuildPhase section */

/* Begin PBXGroup section */
		54680DA9219328A700DF89DD /* Classes */ = {
			isa = PBXGroup;
			children = (
				CBE85F602193CD5500DCFA6F /* Tools */,
				54680DAA219328A700DF89DD /* Home */,
				54680DAC219328A700DF89DD /* Follow */,
				54680DAD219328A700DF89DD /* Profile */,
				54680DAE219328A700DF89DD /* Live */,
				54680DAF219328A700DF89DD /* Main */,
			);
			path = Classes;
			sourceTree = "<group>";
		};
		54680DAA219328A700DF89DD /* Home */ = {
			isa = PBXGroup;
			children = (
				CBE85F542193C6EE00DCFA6F /* Controller */,
				CBE85F562193C6EE00DCFA6F /* Model */,
				CBE85F552193C6EE00DCFA6F /* View */,
			);
			path = Home;
			sourceTree = "<group>";
		};
		54680DAC219328A700DF89DD /* Follow */ = {
			isa = PBXGroup;
			children = (
				54B78F4321933D6E00392C4C /* Follow.storyboard */,
			);
			path = Follow;
			sourceTree = "<group>";
		};
		54680DAD219328A700DF89DD /* Profile */ = {
			isa = PBXGroup;
			children = (
				54B78F4121933D6200392C4C /* Profile.storyboard */,
			);
			path = Profile;
			sourceTree = "<group>";
		};
		54680DAE219328A700DF89DD /* Live */ = {
			isa = PBXGroup;
			children = (
				54B78F3F21933D5900392C4C /* Live.storyboard */,
			);
			path = Live;
			sourceTree = "<group>";
		};
		54680DAF219328A700DF89DD /* Main */ = {
			isa = PBXGroup;
			children = (
				CBE85F592193C71F00DCFA6F /* Controller */,
				CBE85F582193C71F00DCFA6F /* Model */,
				CBE85F572193C71E00DCFA6F /* View */,
				54D2602E219334BC00454448 /* Main.storyboard */,
			);
			path = Main;
			sourceTree = "<group>";
		};
		CBE85F542193C6EE00DCFA6F /* Controller */ = {
			isa = PBXGroup;
			children = (
				54B78F3D21933D5000392C4C /* Home.storyboard */,
				CBE85F5C2193C78700DCFA6F /* WS_HomeViewController.swift */,
				CB73A901219426530043311F /* WS_RecommendViewController.swift */,
			);
			path = Controller;
			sourceTree = "<group>";
		};
		CBE85F552193C6EE00DCFA6F /* View */ = {
			isa = PBXGroup;
			children = (
				CB73A903219446480043311F /* WS_CollectionHeaderView.swift */,
				CB73A904219446480043311F /* WS_CollectionHeaderView.xib */,
			);
			path = View;
			sourceTree = "<group>";
		};
		CBE85F562193C6EE00DCFA6F /* Model */ = {
			isa = PBXGroup;
			children = (
			);
			path = Model;
			sourceTree = "<group>";
		};
		CBE85F572193C71E00DCFA6F /* View */ = {
			isa = PBXGroup;
			children = (
				CBE85F642193D2A900DCFA6F /* WS_PageTitleView.swift */,
				CB73A8FB2194038F0043311F /* WS_PageContentView.swift */,
				54B78F45219462C800392C4C /* WS_CollectionNormalCell.swift */,
				54B78F46219462C800392C4C /* WS_CollectionNormalCell.xib */,
				54B78F49219467D800392C4C /* WS_CollectionPrettyCell.swift */,
				54B78F4A219467D800392C4C /* WS_CollectionPrettyCell.xib */,
			);
			path = View;
			sourceTree = "<group>";
		};
		CBE85F582193C71F00DCFA6F /* Model */ = {
			isa = PBXGroup;
			children = (
			);
			path = Model;
			sourceTree = "<group>";
		};
		CBE85F592193C71F00DCFA6F /* Controller */ = {
			isa = PBXGroup;
			children = (
				CBE85F5A2193C71F00DCFA6F /* WS_MainViewController.swift */,
			);
			path = Controller;
			sourceTree = "<group>";
		};
		CBE85F602193CD5500DCFA6F /* Tools */ = {
			isa = PBXGroup;
			children = (
				CBE85F612193CD5500DCFA6F /* Extension */,
				CBE85F662193D55300DCFA6F /* WS_Common.swift */,
			);
			path = Tools;
			sourceTree = "<group>";
		};
		CBE85F612193CD5500DCFA6F /* Extension */ = {
			isa = PBXGroup;
			children = (
				CBE85F622193CDA000DCFA6F /* WS_UIBarButtonItem-Extension.swift */,
				CB73A8FD219406190043311F /* WS_UIColor-Extension.swift */,
				CB73A8FF2194113E0043311F /* WS_UIView_Extension.swift */,
			);
			path = Extension;
			sourceTree = "<group>";
		};
		CBED260F2192F272006139A2 = {
			isa = PBXGroup;
			children = (
				CBED261A2192F272006139A2 /* WSDY */,
				CBED26192192F272006139A2 /* Products */,
			);
			sourceTree = "<group>";
		};
		CBED26192192F272006139A2 /* Products */ = {
			isa = PBXGroup;
			children = (
				CBED26182192F272006139A2 /* WSDY.app */,
			);
			name = Products;
			sourceTree = "<group>";
		};
		CBED261A2192F272006139A2 /* WSDY */ = {
			isa = PBXGroup;
			children = (
				54680DA9219328A700DF89DD /* Classes */,
				CBED261B2192F272006139A2 /* AppDelegate.swift */,
				CBED261D2192F272006139A2 /* ViewController.swift */,
				CBED26222192F273006139A2 /* Assets.xcassets */,
				CBED26242192F273006139A2 /* LaunchScreen.storyboard */,
				CBED26272192F273006139A2 /* Info.plist */,
			);
			path = WSDY;
			sourceTree = "<group>";
		};
/* End PBXGroup section */

/* Begin PBXNativeTarget section */
		CBED26172192F272006139A2 /* WSDY */ = {
			isa = PBXNativeTarget;
			buildConfigurationList = CBED262A2192F273006139A2 /* Build configuration list for PBXNativeTarget "WSDY" */;
			buildPhases = (
				CBED26142192F272006139A2 /* Sources */,
				CBED26152192F272006139A2 /* Frameworks */,
				CBED26162192F272006139A2 /* Resources */,
			);
			buildRules = (
			);
			dependencies = (
			);
			name = WSDY;
			productName = WSDY;
			productReference = CBED26182192F272006139A2 /* WSDY.app */;
			productType = "com.apple.product-type.application";
		};
/* End PBXNativeTarget section */

/* Begin PBXProject section */
		CBED26102192F272006139A2 /* Project object */ = {
			isa = PBXProject;
			attributes = {
				LastSwiftUpdateCheck = 1010;
				LastUpgradeCheck = 1010;
				ORGANIZATIONNAME = JW;
				TargetAttributes = {
					CBED26172192F272006139A2 = {
						CreatedOnToolsVersion = 10.1;
					};
				};
			};
			buildConfigurationList = CBED26132192F272006139A2 /* Build configuration list for PBXProject "WSDY" */;
			compatibilityVersion = "Xcode 9.3";
			developmentRegion = en;
			hasScannedForEncodings = 0;
			knownRegions = (
				en,
				Base,
			);
			mainGroup = CBED260F2192F272006139A2;
			productRefGroup = CBED26192192F272006139A2 /* Products */;
			projectDirPath = "";
			projectRoot = "";
			targets = (
				CBED26172192F272006139A2 /* WSDY */,
			);
		};
/* End PBXProject section */

/* Begin PBXResourcesBuildPhase section */
		CBED26162192F272006139A2 /* Resources */ = {
			isa = PBXResourcesBuildPhase;
			buildActionMask = 2147483647;
			files = (
				54B78F4221933D6200392C4C /* Profile.storyboard in Resources */,
				54D2602F219334BC00454448 /* Main.storyboard in Resources */,
				CBED26262192F273006139A2 /* LaunchScreen.storyboard in Resources */,
				54B78F4C219467D800392C4C /* WS_CollectionPrettyCell.xib in Resources */,
				54B78F48219462C800392C4C /* WS_CollectionNormalCell.xib in Resources */,
				CBED26232192F273006139A2 /* Assets.xcassets in Resources */,
				54B78F4421933D6E00392C4C /* Follow.storyboard in Resources */,
				CB73A906219446480043311F /* WS_CollectionHeaderView.xib in Resources */,
				54B78F4021933D5900392C4C /* Live.storyboard in Resources */,
				54B78F3E21933D5000392C4C /* Home.storyboard in Resources */,
			);
			runOnlyForDeploymentPostprocessing = 0;
		};
/* End PBXResourcesBuildPhase section */

/* Begin PBXSourcesBuildPhase section */
		CBED26142192F272006139A2 /* Sources */ = {
			isa = PBXSourcesBuildPhase;
			buildActionMask = 2147483647;
			files = (
				CBED261E2192F272006139A2 /* ViewController.swift in Sources */,
				CBED261C2192F272006139A2 /* AppDelegate.swift in Sources */,
				CBE85F652193D2A900DCFA6F /* WS_PageTitleView.swift in Sources */,
				54B78F47219462C800392C4C /* WS_CollectionNormalCell.swift in Sources */,
				CBE85F5B2193C71F00DCFA6F /* WS_MainViewController.swift in Sources */,
				CBE85F672193D55300DCFA6F /* WS_Common.swift in Sources */,
				CBE85F5D2193C78700DCFA6F /* WS_HomeViewController.swift in Sources */,
				CB73A8FE219406190043311F /* WS_UIColor-Extension.swift in Sources */,
				CBE85F632193CDA000DCFA6F /* WS_UIBarButtonItem-Extension.swift in Sources */,
				54B78F4B219467D800392C4C /* WS_CollectionPrettyCell.swift in Sources */,
				CB73A902219426530043311F /* WS_RecommendViewController.swift in Sources */,
				CB73A905219446480043311F /* WS_CollectionHeaderView.swift in Sources */,
				CB73A9002194113E0043311F /* WS_UIView_Extension.swift in Sources */,
				CB73A8FC2194038F0043311F /* WS_PageContentView.swift in Sources */,
			);
			runOnlyForDeploymentPostprocessing = 0;
		};
/* End PBXSourcesBuildPhase section */

/* Begin PBXVariantGroup section */
		CBED26242192F273006139A2 /* LaunchScreen.storyboard */ = {
			isa = PBXVariantGroup;
			children = (
				CBED26252192F273006139A2 /* Base */,
			);
			name = LaunchScreen.storyboard;
			sourceTree = "<group>";
		};
/* End PBXVariantGroup section */

/* Begin XCBuildConfiguration section */
		CBED26282192F273006139A2 /* Debug */ = {
			isa = XCBuildConfiguration;
			buildSettings = {
				ALWAYS_SEARCH_USER_PATHS = NO;
				CLANG_ANALYZER_NONNULL = YES;
				CLANG_ANALYZER_NUMBER_OBJECT_CONVERSION = YES_AGGRESSIVE;
				CLANG_CXX_LANGUAGE_STANDARD = "gnu++14";
				CLANG_CXX_LIBRARY = "libc++";
				CLANG_ENABLE_MODULES = YES;
				CLANG_ENABLE_OBJC_ARC = YES;
				CLANG_ENABLE_OBJC_WEAK = YES;
				CLANG_WARN_BLOCK_CAPTURE_AUTORELEASING = YES;
				CLANG_WARN_BOOL_CONVERSION = YES;
				CLANG_WARN_COMMA = YES;
				CLANG_WARN_CONSTANT_CONVERSION = YES;
				CLANG_WARN_DEPRECATED_OBJC_IMPLEMENTATIONS = YES;
				CLANG_WARN_DIRECT_OBJC_ISA_USAGE = YES_ERROR;
				CLANG_WARN_DOCUMENTATION_COMMENTS = YES;
				CLANG_WARN_EMPTY_BODY = YES;
				CLANG_WARN_ENUM_CONVERSION = YES;
				CLANG_WARN_INFINITE_RECURSION = YES;
				CLANG_WARN_INT_CONVERSION = YES;
				CLANG_WARN_NON_LITERAL_NULL_CONVERSION = YES;
				CLANG_WARN_OBJC_IMPLICIT_RETAIN_SELF = YES;
				CLANG_WARN_OBJC_LITERAL_CONVERSION = YES;
				CLANG_WARN_OBJC_ROOT_CLASS = YES_ERROR;
				CLANG_WARN_RANGE_LOOP_ANALYSIS = YES;
				CLANG_WARN_STRICT_PROTOTYPES = YES;
				CLANG_WARN_SUSPICIOUS_MOVE = YES;
				CLANG_WARN_UNGUARDED_AVAILABILITY = YES_AGGRESSIVE;
				CLANG_WARN_UNREACHABLE_CODE = YES;
				CLANG_WARN__DUPLICATE_METHOD_MATCH = YES;
				CODE_SIGN_IDENTITY = "iPhone Developer";
				COPY_PHASE_STRIP = NO;
				DEBUG_INFORMATION_FORMAT = dwarf;
				ENABLE_STRICT_OBJC_MSGSEND = YES;
				ENABLE_TESTABILITY = YES;
				GCC_C_LANGUAGE_STANDARD = gnu11;
				GCC_DYNAMIC_NO_PIC = NO;
				GCC_NO_COMMON_BLOCKS = YES;
				GCC_OPTIMIZATION_LEVEL = 0;
				GCC_PREPROCESSOR_DEFINITIONS = (
					"DEBUG=1",
					"$(inherited)",
				);
				GCC_WARN_64_TO_32_BIT_CONVERSION = YES;
				GCC_WARN_ABOUT_RETURN_TYPE = YES_ERROR;
				GCC_WARN_UNDECLARED_SELECTOR = YES;
				GCC_WARN_UNINITIALIZED_AUTOS = YES_AGGRESSIVE;
				GCC_WARN_UNUSED_FUNCTION = YES;
				GCC_WARN_UNUSED_VARIABLE = YES;
				IPHONEOS_DEPLOYMENT_TARGET = 12.1;
				MTL_ENABLE_DEBUG_INFO = INCLUDE_SOURCE;
				MTL_FAST_MATH = YES;
				ONLY_ACTIVE_ARCH = YES;
				SDKROOT = iphoneos;
				SWIFT_ACTIVE_COMPILATION_CONDITIONS = DEBUG;
				SWIFT_OPTIMIZATION_LEVEL = "-Onone";
			};
			name = Debug;
		};
		CBED26292192F273006139A2 /* Release */ = {
			isa = XCBuildConfiguration;
			buildSettings = {
				ALWAYS_SEARCH_USER_PATHS = NO;
				CLANG_ANALYZER_NONNULL = YES;
				CLANG_ANALYZER_NUMBER_OBJECT_CONVERSION = YES_AGGRESSIVE;
				CLANG_CXX_LANGUAGE_STANDARD = "gnu++14";
				CLANG_CXX_LIBRARY = "libc++";
				CLANG_ENABLE_MODULES = YES;
				CLANG_ENABLE_OBJC_ARC = YES;
				CLANG_ENABLE_OBJC_WEAK = YES;
				CLANG_WARN_BLOCK_CAPTURE_AUTORELEASING = YES;
				CLANG_WARN_BOOL_CONVERSION = YES;
				CLANG_WARN_COMMA = YES;
				CLANG_WARN_CONSTANT_CONVERSION = YES;
				CLANG_WARN_DEPRECATED_OBJC_IMPLEMENTATIONS = YES;
				CLANG_WARN_DIRECT_OBJC_ISA_USAGE = YES_ERROR;
				CLANG_WARN_DOCUMENTATION_COMMENTS = YES;
				CLANG_WARN_EMPTY_BODY = YES;
				CLANG_WARN_ENUM_CONVERSION = YES;
				CLANG_WARN_INFINITE_RECURSION = YES;
				CLANG_WARN_INT_CONVERSION = YES;
				CLANG_WARN_NON_LITERAL_NULL_CONVERSION = YES;
				CLANG_WARN_OBJC_IMPLICIT_RETAIN_SELF = YES;
				CLANG_WARN_OBJC_LITERAL_CONVERSION = YES;
				CLANG_WARN_OBJC_ROOT_CLASS = YES_ERROR;
				CLANG_WARN_RANGE_LOOP_ANALYSIS = YES;
				CLANG_WARN_STRICT_PROTOTYPES = YES;
				CLANG_WARN_SUSPICIOUS_MOVE = YES;
				CLANG_WARN_UNGUARDED_AVAILABILITY = YES_AGGRESSIVE;
				CLANG_WARN_UNREACHABLE_CODE = YES;
				CLANG_WARN__DUPLICATE_METHOD_MATCH = YES;
				CODE_SIGN_IDENTITY = "iPhone Developer";
				COPY_PHASE_STRIP = NO;
				DEBUG_INFORMATION_FORMAT = "dwarf-with-dsym";
				ENABLE_NS_ASSERTIONS = NO;
				ENABLE_STRICT_OBJC_MSGSEND = YES;
				GCC_C_LANGUAGE_STANDARD = gnu11;
				GCC_NO_COMMON_BLOCKS = YES;
				GCC_WARN_64_TO_32_BIT_CONVERSION = YES;
				GCC_WARN_ABOUT_RETURN_TYPE = YES_ERROR;
				GCC_WARN_UNDECLARED_SELECTOR = YES;
				GCC_WARN_UNINITIALIZED_AUTOS = YES_AGGRESSIVE;
				GCC_WARN_UNUSED_FUNCTION = YES;
				GCC_WARN_UNUSED_VARIABLE = YES;
				IPHONEOS_DEPLOYMENT_TARGET = 12.1;
				MTL_ENABLE_DEBUG_INFO = NO;
				MTL_FAST_MATH = YES;
				SDKROOT = iphoneos;
				SWIFT_COMPILATION_MODE = wholemodule;
				SWIFT_OPTIMIZATION_LEVEL = "-O";
				VALIDATE_PRODUCT = YES;
			};
			name = Release;
		};
		CBED262B2192F273006139A2 /* Debug */ = {
			isa = XCBuildConfiguration;
			buildSettings = {
				ASSETCATALOG_COMPILER_APPICON_NAME = AppIcon;
				ASSETCATALOG_COMPILER_LAUNCHIMAGE_NAME = LaunchImage;
				CODE_SIGN_STYLE = Automatic;
				INFOPLIST_FILE = WSDY/Info.plist;
				IPHONEOS_DEPLOYMENT_TARGET = 10.0;
				LD_RUNPATH_SEARCH_PATHS = (
					"$(inherited)",
					"@executable_path/Frameworks",
				);
				PRODUCT_BUNDLE_IDENTIFIER = WS.WSDY;
				PRODUCT_NAME = "$(TARGET_NAME)";
				SWIFT_VERSION = 4.2;
				TARGETED_DEVICE_FAMILY = 1;
			};
			name = Debug;
		};
		CBED262C2192F273006139A2 /* Release */ = {
			isa = XCBuildConfiguration;
			buildSettings = {
				ASSETCATALOG_COMPILER_APPICON_NAME = AppIcon;
				ASSETCATALOG_COMPILER_LAUNCHIMAGE_NAME = LaunchImage;
				CODE_SIGN_STYLE = Automatic;
				INFOPLIST_FILE = WSDY/Info.plist;
				IPHONEOS_DEPLOYMENT_TARGET = 10.0;
				LD_RUNPATH_SEARCH_PATHS = (
					"$(inherited)",
					"@executable_path/Frameworks",
				);
				PRODUCT_BUNDLE_IDENTIFIER = WS.WSDY;
				PRODUCT_NAME = "$(TARGET_NAME)";
				SWIFT_VERSION = 4.2;
				TARGETED_DEVICE_FAMILY = 1;
			};
			name = Release;
		};
/* End XCBuildConfiguration section */

/* Begin XCConfigurationList section */
		CBED26132192F272006139A2 /* Build configuration list for PBXProject "WSDY" */ = {
			isa = XCConfigurationList;
			buildConfigurations = (
				CBED26282192F273006139A2 /* Debug */,
				CBED26292192F273006139A2 /* Release */,
			);
			defaultConfigurationIsVisible = 0;
			defaultConfigurationName = Release;
		};
		CBED262A2192F273006139A2 /* Build configuration list for PBXNativeTarget "WSDY" */ = {
			isa = XCConfigurationList;
			buildConfigurations = (
				CBED262B2192F273006139A2 /* Debug */,
				CBED262C2192F273006139A2 /* Release */,
			);
			defaultConfigurationIsVisible = 0;
			defaultConfigurationName = Release;
		};
/* End XCConfigurationList section */
	};
	rootObject = CBED26102192F272006139A2 /* Project object */;
}
